{
  "version": 4,
  "terraform_version": "1.7.2",
  "serial": 182,
  "lineage": "a4f1409e-d930-56a2-58d3-e90f1b63dc66",
  "outputs": {},
  "resources": [
    {
      "module": "module.eventbridge",
      "mode": "managed",
      "type": "aws_cloudwatch_event_rule",
      "name": "every_5_minutes",
      "provider": "provider[\"registry.opentofu.org/hashicorp/aws\"]",
      "instances": [
        {
          "schema_version": 1,
          "attributes": {
            "arn": "arn:aws:events:us-east-1:000000000000:rule/every_5_minutes_rule",
            "description": "trigger lambda every 5 minute",
            "event_bus_name": "default",
            "event_pattern": null,
            "force_destroy": false,
            "id": "every_5_minutes_rule",
            "is_enabled": true,
            "name": "every_5_minutes_rule",
            "name_prefix": "",
            "role_arn": "",
            "schedule_expression": "rate(5 minutes)",
            "state": "ENABLED",
            "tags": null,
            "tags_all": {}
          },
          "sensitive_attributes": [],
          "private": "eyJzY2hlbWFfdmVyc2lvbiI6IjEifQ=="
        }
      ]
    },
    {
      "module": "module.eventbridge",
      "mode": "managed",
      "type": "aws_cloudwatch_event_target",
      "name": "lambda_target",
      "provider": "provider[\"registry.opentofu.org/hashicorp/aws\"]",
      "instances": [
        {
          "schema_version": 1,
          "attributes": {
            "arn": "arn:aws:lambda:us-east-1:000000000000:function:lambdaSplVoting",
            "batch_target": [],
            "dead_letter_config": [],
            "ecs_target": [],
            "event_bus_name": "default",
            "force_destroy": false,
            "http_target": [],
            "id": "every_5_minutes_rule-SendToLambda",
            "input": "",
            "input_path": "",
            "input_transformer": [],
            "kinesis_target": [],
            "redshift_target": [],
            "retry_policy": [],
            "role_arn": "",
            "rule": "every_5_minutes_rule",
            "run_command_targets": [],
            "sagemaker_pipeline_target": [],
            "sqs_target": [],
            "target_id": "SendToLambda"
          },
          "sensitive_attributes": [],
          "private": "eyJzY2hlbWFfdmVyc2lvbiI6IjEifQ==",
          "dependencies": [
            "module.eventbridge.aws_cloudwatch_event_rule.every_5_minutes",
            "module.iam.aws_iam_role.lambda",
            "module.lambda-spl.aws_lambda_function.splvoting",
            "module.lambda-spl.data.archive_file.allcode",
            "module.lambda-spl.null_resource.copy_code",
            "module.lambda-spl.null_resource.install_layer_dependencies"
          ]
        }
      ]
    },
    {
      "module": "module.eventbridge",
      "mode": "managed",
      "type": "aws_lambda_permission",
      "name": "allow_eventbridge",
      "provider": "provider[\"registry.opentofu.org/hashicorp/aws\"]",
      "instances": [
        {
          "schema_version": 0,
          "attributes": {
            "action": "lambda:InvokeFunction",
            "event_source_token": null,
            "function_name": "lambdaSplVoting",
            "function_url_auth_type": null,
            "id": "AllowExecutionFromEventBridge",
            "principal": "events.amazonaws.com",
            "principal_org_id": null,
            "qualifier": "",
            "source_account": null,
            "source_arn": "arn:aws:events:us-east-1:000000000000:rule/every_5_minutes_rule",
            "statement_id": "AllowExecutionFromEventBridge",
            "statement_id_prefix": ""
          },
          "sensitive_attributes": [],
          "private": "bnVsbA==",
          "dependencies": [
            "module.eventbridge.aws_cloudwatch_event_rule.every_5_minutes",
            "module.iam.aws_iam_role.lambda",
            "module.lambda-spl.aws_lambda_function.splvoting",
            "module.lambda-spl.data.archive_file.allcode",
            "module.lambda-spl.null_resource.copy_code",
            "module.lambda-spl.null_resource.install_layer_dependencies"
          ]
        }
      ]
    },
    {
      "module": "module.iam",
      "mode": "managed",
      "type": "aws_iam_role",
      "name": "lambda",
      "provider": "provider[\"registry.opentofu.org/hashicorp/aws\"]",
      "instances": [
        {
          "schema_version": 0,
          "attributes": {
            "arn": "arn:aws:iam::000000000000:role/spl_voting_lambda",
            "assume_role_policy": "{\"Statement\":[{\"Action\":\"sts:AssumeRole\",\"Effect\":\"Allow\",\"Principal\":{\"Service\":[\"lambda.amazonaws.com\",\"apigateway.amazonaws.com\"]},\"Sid\":\"\"}],\"Version\":\"2012-10-17\"}",
            "create_date": "2024-06-19T18:47:41Z",
            "description": "",
            "force_detach_policies": false,
            "id": "spl_voting_lambda",
            "inline_policy": [],
            "managed_policy_arns": [],
            "max_session_duration": 3600,
            "name": "spl_voting_lambda",
            "name_prefix": "",
            "path": "/",
            "permissions_boundary": "",
            "tags": null,
            "tags_all": {},
            "unique_id": "AROAQAAAAAAAJYXF7TLAU"
          },
          "sensitive_attributes": [],
          "private": "bnVsbA=="
        }
      ]
    },
    {
      "module": "module.lambda-spl",
      "mode": "data",
      "type": "archive_file",
      "name": "allcode",
      "provider": "provider[\"registry.opentofu.org/hashicorp/archive\"]",
      "instances": [
        {
          "schema_version": 0,
          "attributes": {
            "exclude_symlink_directories": null,
            "excludes": null,
            "id": "d98c9df967f22e8c495fcbb12e502c4c4c9d9d8e",
            "output_base64sha256": "9+vnleKgoa60JrTOLdLbafrn7g7HgS8FqRPEIAsqTto=",
            "output_base64sha512": "8jYOXQxmm3mvyjmjNqMLpI8nuDCvJPmPDw+lYfHGCwUuaa34mh6LAo0m1NrkRTZKMqISD4+t8QwON9pKr+m48Q==",
            "output_file_mode": null,
            "output_md5": "bb965cf0c5586d8569672e12c262973f",
            "output_path": "outputs/allcode.zip",
            "output_sha": "d98c9df967f22e8c495fcbb12e502c4c4c9d9d8e",
            "output_sha256": "f7ebe795e2a0a1aeb426b4ce2dd2db69fae7ee0ec7812f05a913c4200b2a4eda",
            "output_sha512": "f2360e5d0c669b79afca39a336a30ba48f27b830af24f98f0f0fa561f1c60b052e69adf89a1e8b028d26d4dae445364a32a2120f8fadf10c0e37da4aafe9b8f1",
            "output_size": 59383977,
            "source": [],
            "source_content": null,
            "source_content_filename": null,
            "source_dir": "libcode",
            "source_file": null,
            "type": "zip"
          },
          "sensitive_attributes": []
        }
      ]
    },
    {
      "module": "module.lambda-spl",
      "mode": "managed",
      "type": "aws_lambda_function",
      "name": "splvoting",
      "provider": "provider[\"registry.opentofu.org/hashicorp/aws\"]",
      "instances": [
        {
          "schema_version": 0,
          "attributes": {
            "architectures": [
              "x86_64"
            ],
            "arn": "arn:aws:lambda:us-east-1:000000000000:function:lambdaSplVoting",
            "code_sha256": "9+vnleKgoa60JrTOLdLbafrn7g7HgS8FqRPEIAsqTto=",
            "code_signing_config_arn": "",
            "dead_letter_config": [],
            "description": "",
            "environment": [],
            "ephemeral_storage": [
              {
                "size": 512
              }
            ],
            "file_system_config": [],
            "filename": "outputs/allcode.zip",
            "function_name": "lambdaSplVoting",
            "handler": "handler.handler",
            "id": "lambdaSplVoting",
            "image_config": [],
            "image_uri": "",
            "invoke_arn": "arn:aws:apigateway:us-east-1:lambda:path/2015-03-31/functions/arn:aws:lambda:us-east-1:000000000000:function:lambdaSplVoting/invocations",
            "kms_key_arn": "",
            "last_modified": "2024-06-19T18:47:52.893348+0000",
            "layers": null,
            "logging_config": [
              {
                "application_log_level": "",
                "log_format": "Text",
                "log_group": "/aws/lambda/lambdaSplVoting",
                "system_log_level": ""
              }
            ],
            "memory_size": 128,
            "package_type": "Zip",
            "publish": false,
            "qualified_arn": "arn:aws:lambda:us-east-1:000000000000:function:lambdaSplVoting:$LATEST",
            "qualified_invoke_arn": "arn:aws:apigateway:us-east-1:lambda:path/2015-03-31/functions/arn:aws:lambda:us-east-1:000000000000:function:lambdaSplVoting:$LATEST/invocations",
            "replace_security_groups_on_destroy": null,
            "replacement_security_group_ids": null,
            "reserved_concurrent_executions": -1,
            "role": "arn:aws:iam::000000000000:role/spl_voting_lambda",
            "runtime": "python3.12",
            "s3_bucket": null,
            "s3_key": null,
            "s3_object_version": null,
            "signing_job_arn": "",
            "signing_profile_version_arn": "",
            "skip_destroy": false,
            "snap_start": [],
            "source_code_hash": "",
            "source_code_size": 59383977,
            "tags": null,
            "tags_all": {},
            "timeout": 3,
            "timeouts": null,
            "tracing_config": [
              {
                "mode": "PassThrough"
              }
            ],
            "version": "$LATEST",
            "vpc_config": []
          },
          "sensitive_attributes": [],
          "private": "eyJlMmJmYjczMC1lY2FhLTExZTYtOGY4OC0zNDM2M2JjN2M0YzAiOnsiY3JlYXRlIjo2MDAwMDAwMDAwMDAsImRlbGV0ZSI6NjAwMDAwMDAwMDAwLCJ1cGRhdGUiOjYwMDAwMDAwMDAwMH19",
          "dependencies": [
            "module.iam.aws_iam_role.lambda",
            "module.lambda-spl.data.archive_file.allcode",
            "module.lambda-spl.null_resource.copy_code",
            "module.lambda-spl.null_resource.install_layer_dependencies"
          ]
        }
      ]
    },
    {
      "module": "module.lambda-spl",
      "mode": "managed",
      "type": "null_resource",
      "name": "copy_code",
      "provider": "provider[\"registry.opentofu.org/hashicorp/null\"]",
      "instances": [
        {
          "schema_version": 0,
          "attributes": {
            "id": "2035594329654826573",
            "triggers": {
              "trigger": "2024-06-19T18:47:40Z"
            }
          },
          "sensitive_attributes": []
        }
      ]
    },
    {
      "module": "module.lambda-spl",
      "mode": "managed",
      "type": "null_resource",
      "name": "install_layer_dependencies",
      "provider": "provider[\"registry.opentofu.org/hashicorp/null\"]",
      "instances": [
        {
          "schema_version": 0,
          "attributes": {
            "id": "5794304371533936286",
            "triggers": {
              "trigger": "2024-06-19T18:47:40Z"
            }
          },
          "sensitive_attributes": []
        }
      ]
    }
  ],
  "check_results": null
}
